
Microsoft Visual Studio Solution File, Format Version 12.00
# Visual Studio Version 17
VisualStudioVersion = 17.6.33712.159
MinimumVisualStudioVersion = 10.0.40219.1
Project("{FAE04EC0-301F-11D3-BF4B-00C04F79EFBC}") = "Calculator", "Calculator\Calculator.csproj", "{0E75F898-6BD0-4BAE-98D8-CD3F6EB9FBEF}"
EndProject
Global
	GlobalSection(SolutionConfigurationPlatforms) = preSolution
		Debug|Any CPU = Debug|Any CPU
		Release|Any CPU = Release|Any CPU
	EndGlobalSection
	GlobalSection(ProjectConfigurationPlatforms) = postSolution
		{0E75F898-6BD0-4BAE-98D8-CD3F6EB9FBEF}.Debug|Any CPU.ActiveCfg = Debug|Any CPU
		{0E75F898-6BD0-4BAE-98D8-CD3F6EB9FBEF}.Debug|Any CPU.Build.0 = Debug|Any CPU
		{0E75F898-6BD0-4BAE-98D8-CD3F6EB9FBEF}.Release|Any CPU.ActiveCfg = Release|Any CPU
		{0E75F898-6BD0-4BAE-98D8-CD3F6EB9FBEF}.Release|Any CPU.Build.0 = Release|Any CPU
	EndGlobalSection
	GlobalSection(SolutionProperties) = preSolution
		HideSolutionNode = FALSE
	EndGlobalSection
	GlobalSection(ExtensibilityGlobals) = postSolution
		SolutionGuid = {119F8E5C-EE64-4FCE-A94D-1647981FDABD}
	EndGlobalSection
EndGlobal
